// !$*UTF8*$!
{
	archiveVersion = 1;
	classes = {
	};
	objectVersion = 56;
	objects = {

/* Begin PBXBuildFile section */
		1C1FD212298D2AB800FA1D84 /* PokemonType.swift in Sources */ = {isa = PBXBuildFile; fileRef = 1C1FD211298D2AB800FA1D84 /* PokemonType.swift */; };
		1C709BDF298A0424006675D1 /* PokemonListViewController.swift in Sources */ = {isa = PBXBuildFile; fileRef = 1C709BDE298A0424006675D1 /* PokemonListViewController.swift */; };
		1C79CDCA2988C57300B85AF9 /* AppDelegate.swift in Sources */ = {isa = PBXBuildFile; fileRef = 1C79CDC92988C57300B85AF9 /* AppDelegate.swift */; };
		1C79CDCC2988C57300B85AF9 /* SceneDelegate.swift in Sources */ = {isa = PBXBuildFile; fileRef = 1C79CDCB2988C57300B85AF9 /* SceneDelegate.swift */; };
		1C79CDD32988C57600B85AF9 /* Assets.xcassets in Resources */ = {isa = PBXBuildFile; fileRef = 1C79CDD22988C57600B85AF9 /* Assets.xcassets */; };
		1C79CDD62988C57600B85AF9 /* LaunchScreen.storyboard in Resources */ = {isa = PBXBuildFile; fileRef = 1C79CDD42988C57600B85AF9 /* LaunchScreen.storyboard */; };
		1C79CDE22988E39400B85AF9 /* Pokemon.swift in Sources */ = {isa = PBXBuildFile; fileRef = 1C79CDE12988E39400B85AF9 /* Pokemon.swift */; };
		1C79CDE42988E40600B85AF9 /* API.swift in Sources */ = {isa = PBXBuildFile; fileRef = 1C79CDE32988E40600B85AF9 /* API.swift */; };
		1CA3ABE22989128900E826B0 /* PokemonListPresenter.swift in Sources */ = {isa = PBXBuildFile; fileRef = 1CA3ABE12989128900E826B0 /* PokemonListPresenter.swift */; };
		1CA3ABE429894DFF00E826B0 /* Utilities.swift in Sources */ = {isa = PBXBuildFile; fileRef = 1CA3ABE329894DFF00E826B0 /* Utilities.swift */; };
		1CEC34E6298A069000FA9BCA /* PokemonList.storyboard in Resources */ = {isa = PBXBuildFile; fileRef = 1CEC34E5298A069000FA9BCA /* PokemonList.storyboard */; };
		1CF2FF652994F4D300E645DE /* PokemonTypeCell.swift in Sources */ = {isa = PBXBuildFile; fileRef = 1CF2FF612994F4D300E645DE /* PokemonTypeCell.swift */; };
		1CF2FF662994F4D300E645DE /* PokemonTypeCell.xib in Resources */ = {isa = PBXBuildFile; fileRef = 1CF2FF622994F4D300E645DE /* PokemonTypeCell.xib */; };
		1CF2FF672994F4D300E645DE /* PokemonCell.swift in Sources */ = {isa = PBXBuildFile; fileRef = 1CF2FF632994F4D300E645DE /* PokemonCell.swift */; };
		1CF2FF682994F4D300E645DE /* PokemonCell.xib in Resources */ = {isa = PBXBuildFile; fileRef = 1CF2FF642994F4D300E645DE /* PokemonCell.xib */; };
		CC45E608DF47C9DBFB7B1B4B /* Pods_SampleUICollectionViewDiffableDataSource.framework in Frameworks */ = {isa = PBXBuildFile; fileRef = BC35B33A3C0C4665C41F1BC2 /* Pods_SampleUICollectionViewDiffableDataSource.framework */; };
/* End PBXBuildFile section */

/* Begin PBXFileReference section */
		1C1FD211298D2AB800FA1D84 /* PokemonType.swift */ = {isa = PBXFileReference; lastKnownFileType = sourcecode.swift; path = PokemonType.swift; sourceTree = "<group>"; };
		1C709BDE298A0424006675D1 /* PokemonListViewController.swift */ = {isa = PBXFileReference; lastKnownFileType = sourcecode.swift; path = PokemonListViewController.swift; sourceTree = "<group>"; };
		1C79CDC62988C57300B85AF9 /* SampleUICollectionViewDiffableDataSource.app */ = {isa = PBXFileReference; explicitFileType = wrapper.application; includeInIndex = 0; path = SampleUICollectionViewDiffableDataSource.app; sourceTree = BUILT_PRODUCTS_DIR; };
		1C79CDC92988C57300B85AF9 /* AppDelegate.swift */ = {isa = PBXFileReference; lastKnownFileType = sourcecode.swift; path = AppDelegate.swift; sourceTree = "<group>"; };
		1C79CDCB2988C57300B85AF9 /* SceneDelegate.swift */ = {isa = PBXFileReference; lastKnownFileType = sourcecode.swift; path = SceneDelegate.swift; sourceTree = "<group>"; };
		1C79CDD22988C57600B85AF9 /* Assets.xcassets */ = {isa = PBXFileReference; lastKnownFileType = folder.assetcatalog; path = Assets.xcassets; sourceTree = "<group>"; };
		1C79CDD52988C57600B85AF9 /* Base */ = {isa = PBXFileReference; lastKnownFileType = file.storyboard; name = Base; path = Base.lproj/LaunchScreen.storyboard; sourceTree = "<group>"; };
		1C79CDD72988C57600B85AF9 /* Info.plist */ = {isa = PBXFileReference; lastKnownFileType = text.plist.xml; path = Info.plist; sourceTree = "<group>"; };
		1C79CDE12988E39400B85AF9 /* Pokemon.swift */ = {isa = PBXFileReference; lastKnownFileType = sourcecode.swift; path = Pokemon.swift; sourceTree = "<group>"; };
		1C79CDE32988E40600B85AF9 /* API.swift */ = {isa = PBXFileReference; lastKnownFileType = sourcecode.swift; path = API.swift; sourceTree = "<group>"; };
		1CA3ABE12989128900E826B0 /* PokemonListPresenter.swift */ = {isa = PBXFileReference; lastKnownFileType = sourcecode.swift; path = PokemonListPresenter.swift; sourceTree = "<group>"; };
		1CA3ABE329894DFF00E826B0 /* Utilities.swift */ = {isa = PBXFileReference; lastKnownFileType = sourcecode.swift; path = Utilities.swift; sourceTree = "<group>"; };
		1CEC34E5298A069000FA9BCA /* PokemonList.storyboard */ = {isa = PBXFileReference; fileEncoding = 4; lastKnownFileType = file.storyboard; path = PokemonList.storyboard; sourceTree = "<group>"; };
		1CF2FF612994F4D300E645DE /* PokemonTypeCell.swift */ = {isa = PBXFileReference; fileEncoding = 4; lastKnownFileType = sourcecode.swift; path = PokemonTypeCell.swift; sourceTree = "<group>"; };
		1CF2FF622994F4D300E645DE /* PokemonTypeCell.xib */ = {isa = PBXFileReference; fileEncoding = 4; lastKnownFileType = file.xib; path = PokemonTypeCell.xib; sourceTree = "<group>"; };
		1CF2FF632994F4D300E645DE /* PokemonCell.swift */ = {isa = PBXFileReference; fileEncoding = 4; lastKnownFileType = sourcecode.swift; path = PokemonCell.swift; sourceTree = "<group>"; };
		1CF2FF642994F4D300E645DE /* PokemonCell.xib */ = {isa = PBXFileReference; fileEncoding = 4; lastKnownFileType = file.xib; path = PokemonCell.xib; sourceTree = "<group>"; };
		70B6BAAEBB2A3568C7632670 /* Pods-SampleUICollectionViewDiffableDataSource.release.xcconfig */ = {isa = PBXFileReference; includeInIndex = 1; lastKnownFileType = text.xcconfig; name = "Pods-SampleUICollectionViewDiffableDataSource.release.xcconfig"; path = "Target Support Files/Pods-SampleUICollectionViewDiffableDataSource/Pods-SampleUICollectionViewDiffableDataSource.release.xcconfig"; sourceTree = "<group>"; };
		BC35B33A3C0C4665C41F1BC2 /* Pods_SampleUICollectionViewDiffableDataSource.framework */ = {isa = PBXFileReference; explicitFileType = wrapper.framework; includeInIndex = 0; path = Pods_SampleUICollectionViewDiffableDataSource.framework; sourceTree = BUILT_PRODUCTS_DIR; };
		D3A6B0848A5FFD6BB5D8D81C /* Pods-SampleUICollectionViewDiffableDataSource.debug.xcconfig */ = {isa = PBXFileReference; includeInIndex = 1; lastKnownFileType = text.xcconfig; name = "Pods-SampleUICollectionViewDiffableDataSource.debug.xcconfig"; path = "Target Support Files/Pods-SampleUICollectionViewDiffableDataSource/Pods-SampleUICollectionViewDiffableDataSource.debug.xcconfig"; sourceTree = "<group>"; };
/* End PBXFileReference section */

/* Begin PBXFrameworksBuildPhase section */
		1C79CDC32988C57300B85AF9 /* Frameworks */ = {
			isa = PBXFrameworksBuildPhase;
			buildActionMask = 2147483647;
			files = (
				CC45E608DF47C9DBFB7B1B4B /* Pods_SampleUICollectionViewDiffableDataSource.framework in Frameworks */,
			);
			runOnlyForDeploymentPostprocessing = 0;
		};
/* End PBXFrameworksBuildPhase section */

/* Begin PBXGroup section */
		0F23031A416583D3A2228CBB /* Pods */ = {
			isa = PBXGroup;
			children = (
				D3A6B0848A5FFD6BB5D8D81C /* Pods-SampleUICollectionViewDiffableDataSource.debug.xcconfig */,
				70B6BAAEBB2A3568C7632670 /* Pods-SampleUICollectionViewDiffableDataSource.release.xcconfig */,
			);
			path = Pods;
			sourceTree = "<group>";
		};
		1C709BE0298A0592006675D1 /* Utilities */ = {
			isa = PBXGroup;
			children = (
				1CA3ABE329894DFF00E826B0 /* Utilities.swift */,
			);
			path = Utilities;
			sourceTree = "<group>";
		};
		1C709BE1298A05AC006675D1 /* Models */ = {
			isa = PBXGroup;
			children = (
				1C79CDE12988E39400B85AF9 /* Pokemon.swift */,
				1C1FD211298D2AB800FA1D84 /* PokemonType.swift */,
				1C79CDE32988E40600B85AF9 /* API.swift */,
			);
			path = Models;
			sourceTree = "<group>";
		};
		1C709BE2298A05C5006675D1 /* PokemonList */ = {
			isa = PBXGroup;
			children = (
				1C709BE3298A05D3006675D1 /* Presenter */,
				1C709BE5298A05F0006675D1 /* Views */,
			);
			path = PokemonList;
			sourceTree = "<group>";
		};
		1C709BE3298A05D3006675D1 /* Presenter */ = {
			isa = PBXGroup;
			children = (
				1CA3ABE12989128900E826B0 /* PokemonListPresenter.swift */,
			);
			path = Presenter;
			sourceTree = "<group>";
		};
		1C709BE5298A05F0006675D1 /* Views */ = {
			isa = PBXGroup;
			children = (
				1CF2FF602994F4D300E645DE /* Cells */,
				1C709BDE298A0424006675D1 /* PokemonListViewController.swift */,
				1CEC34E5298A069000FA9BCA /* PokemonList.storyboard */,
			);
			path = Views;
			sourceTree = "<group>";
		};
		1C79CDBD2988C57300B85AF9 = {
			isa = PBXGroup;
			children = (
				1C79CDC82988C57300B85AF9 /* SampleUICollectionViewDiffableDataSource */,
				1C79CDC72988C57300B85AF9 /* Products */,
				0F23031A416583D3A2228CBB /* Pods */,
				36AACD6D7B7319148F4059ED /* Frameworks */,
			);
			sourceTree = "<group>";
		};
		1C79CDC72988C57300B85AF9 /* Products */ = {
			isa = PBXGroup;
			children = (
				1C79CDC62988C57300B85AF9 /* SampleUICollectionViewDiffableDataSource.app */,
			);
			name = Products;
			sourceTree = "<group>";
		};
		1C79CDC82988C57300B85AF9 /* SampleUICollectionViewDiffableDataSource */ = {
			isa = PBXGroup;
			children = (
				1C79CDC92988C57300B85AF9 /* AppDelegate.swift */,
				1C79CDCB2988C57300B85AF9 /* SceneDelegate.swift */,
				1C709BE0298A0592006675D1 /* Utilities */,
				1C709BE1298A05AC006675D1 /* Models */,
				1C709BE2298A05C5006675D1 /* PokemonList */,
				1C79CDD22988C57600B85AF9 /* Assets.xcassets */,
				1C79CDD42988C57600B85AF9 /* LaunchScreen.storyboard */,
				1C79CDD72988C57600B85AF9 /* Info.plist */,
			);
			path = SampleUICollectionViewDiffableDataSource;
			sourceTree = "<group>";
		};
		1CF2FF602994F4D300E645DE /* Cells */ = {
			isa = PBXGroup;
			children = (
				1CF2FF612994F4D300E645DE /* PokemonTypeCell.swift */,
				1CF2FF622994F4D300E645DE /* PokemonTypeCell.xib */,
				1CF2FF632994F4D300E645DE /* PokemonCell.swift */,
				1CF2FF642994F4D300E645DE /* PokemonCell.xib */,
			);
			path = Cells;
			sourceTree = "<group>";
		};
		36AACD6D7B7319148F4059ED /* Frameworks */ = {
			isa = PBXGroup;
			children = (
				BC35B33A3C0C4665C41F1BC2 /* Pods_SampleUICollectionViewDiffableDataSource.framework */,
			);
			name = Frameworks;
			sourceTree = "<group>";
		};
/* End PBXGroup section */

/* Begin PBXNativeTarget section */
		1C79CDC52988C57300B85AF9 /* SampleUICollectionViewDiffableDataSource */ = {
			isa = PBXNativeTarget;
			buildConfigurationList = 1C79CDDA2988C57600B85AF9 /* Build configuration list for PBXNativeTarget "SampleUICollectionViewDiffableDataSource" */;
			buildPhases = (
				FFE516868B8A4AD4C08A7405 /* [CP] Check Pods Manifest.lock */,
				1C79CDC22988C57300B85AF9 /* Sources */,
				1C79CDC32988C57300B85AF9 /* Frameworks */,
				1C79CDC42988C57300B85AF9 /* Resources */,
				A7DFA3759DE63B17C71F1823 /* [CP] Embed Pods Frameworks */,
				1C79CDDE2988DAD100B85AF9 /* ShellScript */,
			);
			buildRules = (
			);
			dependencies = (
			);
			name = SampleUICollectionViewDiffableDataSource;
			productName = SampleUICollectionViewDiffableDataSource;
			productReference = 1C79CDC62988C57300B85AF9 /* SampleUICollectionViewDiffableDataSource.app */;
			productType = "com.apple.product-type.application";
		};
/* End PBXNativeTarget section */

/* Begin PBXProject section */
		1C79CDBE2988C57300B85AF9 /* Project object */ = {
			isa = PBXProject;
			attributes = {
				BuildIndependentTargetsInParallel = 1;
				LastSwiftUpdateCheck = 1420;
				LastUpgradeCheck = 1420;
				TargetAttributes = {
					1C79CDC52988C57300B85AF9 = {
						CreatedOnToolsVersion = 14.2;
					};
				};
			};
			buildConfigurationList = 1C79CDC12988C57300B85AF9 /* Build configuration list for PBXProject "SampleUICollectionViewDiffableDataSource" */;
			compatibilityVersion = "Xcode 14.0";
			developmentRegion = en;
			hasScannedForEncodings = 0;
			knownRegions = (
				en,
				Base,
			);
			mainGroup = 1C79CDBD2988C57300B85AF9;
			productRefGroup = 1C79CDC72988C57300B85AF9 /* Products */;
			projectDirPath = "";
			projectRoot = "";
			targets = (
				1C79CDC52988C57300B85AF9 /* SampleUICollectionViewDiffableDataSource */,
			);
		};
/* End PBXProject section */

/* Begin PBXResourcesBuildPhase section */
		1C79CDC42988C57300B85AF9 /* Resources */ = {
			isa = PBXResourcesBuildPhase;
			buildActionMask = 2147483647;
			files = (
				1C79CDD62988C57600B85AF9 /* LaunchScreen.storyboard in Resources */,
				1CF2FF682994F4D300E645DE /* PokemonCell.xib in Resources */,
				1CEC34E6298A069000FA9BCA /* PokemonList.storyboard in Resources */,
				1CF2FF662994F4D300E645DE /* PokemonTypeCell.xib in Resources */,
				1C79CDD32988C57600B85AF9 /* Assets.xcassets in Resources */,
			);
			runOnlyForDeploymentPostprocessing = 0;
		};
/* End PBXResourcesBuildPhase section */

/* Begin PBXShellScriptBuildPhase section */
		1C79CDDE2988DAD100B85AF9 /* ShellScript */ = {
			isa = PBXShellScriptBuildPhase;
			buildActionMask = 2147483647;
			files = (
			);
			inputFileListPaths = (
			);
			inputPaths = (
			);
			outputFileListPaths = (
			);
			outputPaths = (
			);
			runOnlyForDeploymentPostprocessing = 0;
			shellPath = /bin/sh;
			shellScript = "export PATH=\"$PATH:/opt/homebrew/bin\"\nif which swiftlint > /dev/null; then\n  swiftlint\nelse\n  echo \"warning: SwiftLint not installed, download from https://github.com/realm/SwiftLint\"\nfi\n";
		};
		A7DFA3759DE63B17C71F1823 /* [CP] Embed Pods Frameworks */ = {
			isa = PBXShellScriptBuildPhase;
			buildActionMask = 2147483647;
			files = (
			);
			inputFileListPaths = (
				"${PODS_ROOT}/Target Support Files/Pods-SampleUICollectionViewDiffableDataSource/Pods-SampleUICollectionViewDiffableDataSource-frameworks-${CONFIGURATION}-input-files.xcfilelist",
			);
			name = "[CP] Embed Pods Frameworks";
			outputFileListPaths = (
				"${PODS_ROOT}/Target Support Files/Pods-SampleUICollectionViewDiffableDataSource/Pods-SampleUICollectionViewDiffableDataSource-frameworks-${CONFIGURATION}-output-files.xcfilelist",
			);
			runOnlyForDeploymentPostprocessing = 0;
			shellPath = /bin/sh;
			shellScript = "\"${PODS_ROOT}/Target Support Files/Pods-SampleUICollectionViewDiffableDataSource/Pods-SampleUICollectionViewDiffableDataSource-frameworks.sh\"\n";
			showEnvVarsInLog = 0;
		};
		FFE516868B8A4AD4C08A7405 /* [CP] Check Pods Manifest.lock */ = {
			isa = PBXShellScriptBuildPhase;
			buildActionMask = 2147483647;
			files = (
			);
			inputFileListPaths = (
			);
			inputPaths = (
				"${PODS_PODFILE_DIR_PATH}/Podfile.lock",
				"${PODS_ROOT}/Manifest.lock",
			);
			name = "[CP] Check Pods Manifest.lock";
			outputFileListPaths = (
			);
			outputPaths = (
				"$(DERIVED_FILE_DIR)/Pods-SampleUICollectionViewDiffableDataSource-checkManifestLockResult.txt",
			);
			runOnlyForDeploymentPostprocessing = 0;
			shellPath = /bin/sh;
			shellScript = "diff \"${PODS_PODFILE_DIR_PATH}/Podfile.lock\" \"${PODS_ROOT}/Manifest.lock\" > /dev/null\nif [ $? != 0 ] ; then\n    # print error to STDERR\n    echo \"error: The sandbox is not in sync with the Podfile.lock. Run 'pod install' or update your CocoaPods installation.\" >&2\n    exit 1\nfi\n# This output is used by Xcode 'outputs' to avoid re-running this script phase.\necho \"SUCCESS\" > \"${SCRIPT_OUTPUT_FILE_0}\"\n";
			showEnvVarsInLog = 0;
		};
/* End PBXShellScriptBuildPhase section */

/* Begin PBXSourcesBuildPhase section */
		1C79CDC22988C57300B85AF9 /* Sources */ = {
			isa = PBXSourcesBuildPhase;
			buildActionMask = 2147483647;
			files = (
				1CA3ABE22989128900E826B0 /* PokemonListPresenter.swift in Sources */,
				1C79CDE22988E39400B85AF9 /* Pokemon.swift in Sources */,
				1CA3ABE429894DFF00E826B0 /* Utilities.swift in Sources */,
				1C79CDCA2988C57300B85AF9 /* AppDelegate.swift in Sources */,
				1CF2FF652994F4D300E645DE /* PokemonTypeCell.swift in Sources */,
				1CF2FF672994F4D300E645DE /* PokemonCell.swift in Sources */,
				1C79CDCC2988C57300B85AF9 /* SceneDelegate.swift in Sources */,
				1C79CDE42988E40600B85AF9 /* API.swift in Sources */,
				1C709BDF298A0424006675D1 /* PokemonListViewController.swift in Sources */,
				1C1FD212298D2AB800FA1D84 /* PokemonType.swift in Sources */,
			);
			runOnlyForDeploymentPostprocessing = 0;
		};
/* End PBXSourcesBuildPhase section */

/* Begin PBXVariantGroup section */
		1C79CDD42988C57600B85AF9 /* LaunchScreen.storyboard */ = {
			isa = PBXVariantGroup;
			children = (
				1C79CDD52988C57600B85AF9 /* Base */,
			);
			name = LaunchScreen.storyboard;
			sourceTree = "<group>";
		};
/* End PBXVariantGroup section */

/* Begin XCBuildConfiguration section */
		1C79CDD82988C57600B85AF9 /* Debug */ = {
			isa = XCBuildConfiguration;
			buildSettings = {
				ALWAYS_SEARCH_USER_PATHS = NO;
				CLANG_ANALYZER_NONNULL = YES;
				CLANG_ANALYZER_NUMBER_OBJECT_CONVERSION = YES_AGGRESSIVE;
				CLANG_CXX_LANGUAGE_STANDARD = "gnu++20";
				CLANG_ENABLE_MODULES = YES;
				CLANG_ENABLE_OBJC_ARC = YES;
				CLANG_ENABLE_OBJC_WEAK = YES;
				CLANG_WARN_BLOCK_CAPTURE_AUTORELEASING = YES;
				CLANG_WARN_BOOL_CONVERSION = YES;
				CLANG_WARN_COMMA = YES;
				CLANG_WARN_CONSTANT_CONVERSION = YES;
				CLANG_WARN_DEPRECATED_OBJC_IMPLEMENTATIONS = YES;
				CLANG_WARN_DIRECT_OBJC_ISA_USAGE = YES_ERROR;
				CLANG_WARN_DOCUMENTATION_COMMENTS = YES;
				CLANG_WARN_EMPTY_BODY = YES;
				CLANG_WARN_ENUM_CONVERSION = YES;
				CLANG_WARN_INFINITE_RECURSION = YES;
				CLANG_WARN_INT_CONVERSION = YES;
				CLANG_WARN_NON_LITERAL_NULL_CONVERSION = YES;
				CLANG_WARN_OBJC_IMPLICIT_RETAIN_SELF = YES;
				CLANG_WARN_OBJC_LITERAL_CONVERSION = YES;
				CLANG_WARN_OBJC_ROOT_CLASS = YES_ERROR;
				CLANG_WARN_QUOTED_INCLUDE_IN_FRAMEWORK_HEADER = YES;
				CLANG_WARN_RANGE_LOOP_ANALYSIS = YES;
				CLANG_WARN_STRICT_PROTOTYPES = YES;
				CLANG_WARN_SUSPICIOUS_MOVE = YES;
				CLANG_WARN_UNGUARDED_AVAILABILITY = YES_AGGRESSIVE;
				CLANG_WARN_UNREACHABLE_CODE = YES;
				CLANG_WARN__DUPLICATE_METHOD_MATCH = YES;
				COPY_PHASE_STRIP = NO;
				DEBUG_INFORMATION_FORMAT = dwarf;
				ENABLE_STRICT_OBJC_MSGSEND = YES;
				ENABLE_TESTABILITY = YES;
				GCC_C_LANGUAGE_STANDARD = gnu11;
				GCC_DYNAMIC_NO_PIC = NO;
				GCC_NO_COMMON_BLOCKS = YES;
				GCC_OPTIMIZATION_LEVEL = 0;
				GCC_PREPROCESSOR_DEFINITIONS = (
					"DEBUG=1",
					"$(inherited)",
				);
				GCC_WARN_64_TO_32_BIT_CONVERSION = YES;
				GCC_WARN_ABOUT_RETURN_TYPE = YES_ERROR;
				GCC_WARN_UNDECLARED_SELECTOR = YES;
				GCC_WARN_UNINITIALIZED_AUTOS = YES_AGGRESSIVE;
				GCC_WARN_UNUSED_FUNCTION = YES;
				GCC_WARN_UNUSED_VARIABLE = YES;
				IPHONEOS_DEPLOYMENT_TARGET = 16.2;
				MTL_ENABLE_DEBUG_INFO = INCLUDE_SOURCE;
				MTL_FAST_MATH = YES;
				ONLY_ACTIVE_ARCH = YES;
				SDKROOT = iphoneos;
				SWIFT_ACTIVE_COMPILATION_CONDITIONS = DEBUG;
				SWIFT_OPTIMIZATION_LEVEL = "-Onone";
			};
			name = Debug;
		};
		1C79CDD92988C57600B85AF9 /* Release */ = {
			isa = XCBuildConfiguration;
			buildSettings = {
				ALWAYS_SEARCH_USER_PATHS = NO;
				CLANG_ANALYZER_NONNULL = YES;
				CLANG_ANALYZER_NUMBER_OBJECT_CONVERSION = YES_AGGRESSIVE;
				CLANG_CXX_LANGUAGE_STANDARD = "gnu++20";
				CLANG_ENABLE_MODULES = YES;
				CLANG_ENABLE_OBJC_ARC = YES;
				CLANG_ENABLE_OBJC_WEAK = YES;
				CLANG_WARN_BLOCK_CAPTURE_AUTORELEASING = YES;
				CLANG_WARN_BOOL_CONVERSION = YES;
				CLANG_WARN_COMMA = YES;
				CLANG_WARN_CONSTANT_CONVERSION = YES;
				CLANG_WARN_DEPRECATED_OBJC_IMPLEMENTATIONS = YES;
				CLANG_WARN_DIRECT_OBJC_ISA_USAGE = YES_ERROR;
				CLANG_WARN_DOCUMENTATION_COMMENTS = YES;
				CLANG_WARN_EMPTY_BODY = YES;
				CLANG_WARN_ENUM_CONVERSION = YES;
				CLANG_WARN_INFINITE_RECURSION = YES;
				CLANG_WARN_INT_CONVERSION = YES;
				CLANG_WARN_NON_LITERAL_NULL_CONVERSION = YES;
				CLANG_WARN_OBJC_IMPLICIT_RETAIN_SELF = YES;
				CLANG_WARN_OBJC_LITERAL_CONVERSION = YES;
				CLANG_WARN_OBJC_ROOT_CLASS = YES_ERROR;
				CLANG_WARN_QUOTED_INCLUDE_IN_FRAMEWORK_HEADER = YES;
				CLANG_WARN_RANGE_LOOP_ANALYSIS = YES;
				CLANG_WARN_STRICT_PROTOTYPES = YES;
				CLANG_WARN_SUSPICIOUS_MOVE = YES;
				CLANG_WARN_UNGUARDED_AVAILABILITY = YES_AGGRESSIVE;
				CLANG_WARN_UNREACHABLE_CODE = YES;
				CLANG_WARN__DUPLICATE_METHOD_MATCH = YES;
				COPY_PHASE_STRIP = NO;
				DEBUG_INFORMATION_FORMAT = "dwarf-with-dsym";
				ENABLE_NS_ASSERTIONS = NO;
				ENABLE_STRICT_OBJC_MSGSEND = YES;
				GCC_C_LANGUAGE_STANDARD = gnu11;
				GCC_NO_COMMON_BLOCKS = YES;
				GCC_WARN_64_TO_32_BIT_CONVERSION = YES;
				GCC_WARN_ABOUT_RETURN_TYPE = YES_ERROR;
				GCC_WARN_UNDECLARED_SELECTOR = YES;
				GCC_WARN_UNINITIALIZED_AUTOS = YES_AGGRESSIVE;
				GCC_WARN_UNUSED_FUNCTION = YES;
				GCC_WARN_UNUSED_VARIABLE = YES;
				IPHONEOS_DEPLOYMENT_TARGET = 16.2;
				MTL_ENABLE_DEBUG_INFO = NO;
				MTL_FAST_MATH = YES;
				SDKROOT = iphoneos;
				SWIFT_COMPILATION_MODE = wholemodule;
				SWIFT_OPTIMIZATION_LEVEL = "-O";
				VALIDATE_PRODUCT = YES;
			};
			name = Release;
		};
		1C79CDDB2988C57600B85AF9 /* Debug */ = {
			isa = XCBuildConfiguration;
			baseConfigurationReference = D3A6B0848A5FFD6BB5D8D81C /* Pods-SampleUICollectionViewDiffableDataSource.debug.xcconfig */;
			buildSettings = {
				ASSETCATALOG_COMPILER_APPICON_NAME = AppIcon;
				ASSETCATALOG_COMPILER_GLOBAL_ACCENT_COLOR_NAME = AccentColor;
				CODE_SIGN_STYLE = Automatic;
				CURRENT_PROJECT_VERSION = 1;
				DEVELOPMENT_TEAM = WY23RUM8JH;
				GENERATE_INFOPLIST_FILE = YES;
				INFOPLIST_FILE = SampleUICollectionViewDiffableDataSource/Info.plist;
				INFOPLIST_KEY_UIApplicationSupportsIndirectInputEvents = YES;
				INFOPLIST_KEY_UILaunchStoryboardName = LaunchScreen;
				INFOPLIST_KEY_UISupportedInterfaceOrientations_iPad = "UIInterfaceOrientationPortrait UIInterfaceOrientationPortraitUpsideDown UIInterfaceOrientationLandscapeLeft UIInterfaceOrientationLandscapeRight";
				INFOPLIST_KEY_UISupportedInterfaceOrientations_iPhone = "UIInterfaceOrientationPortrait UIInterfaceOrientationLandscapeLeft UIInterfaceOrientationLandscapeRight";
				LD_RUNPATH_SEARCH_PATHS = (
					"$(inherited)",
					"@executable_path/Frameworks",
				);
				MARKETING_VERSION = 1.0;
				PRODUCT_BUNDLE_IDENTIFIER = com.otoufujohnny.SampleUICollectionViewDiffableDataSource;
				PRODUCT_NAME = "$(TARGET_NAME)";
				SWIFT_EMIT_LOC_STRINGS = YES;
				SWIFT_VERSION = 5.0;
				TARGETED_DEVICE_FAMILY = "1,2";
			};
			name = Debug;
		};
		1C79CDDC2988C57600B85AF9 /* Release */ = {
			isa = XCBuildConfiguration;
			baseConfigurationReference = 70B6BAAEBB2A3568C7632670 /* Pods-SampleUICollectionViewDiffableDataSource.release.xcconfig */;
			buildSettings = {
				ASSETCATALOG_COMPILER_APPICON_NAME = AppIcon;
				ASSETCATALOG_COMPILER_GLOBAL_ACCENT_COLOR_NAME = AccentColor;
				CODE_SIGN_STYLE = Automatic;
				CURRENT_PROJECT_VERSION = 1;
				DEVELOPMENT_TEAM = WY23RUM8JH;
				GENERATE_INFOPLIST_FILE = YES;
				INFOPLIST_FILE = SampleUICollectionViewDiffableDataSource/Info.plist;
				INFOPLIST_KEY_UIApplicationSupportsIndirectInputEvents = YES;
				INFOPLIST_KEY_UILaunchStoryboardName = LaunchScreen;
				INFOPLIST_KEY_UISupportedInterfaceOrientations_iPad = "UIInterfaceOrientationPortrait UIInterfaceOrientationPortraitUpsideDown UIInterfaceOrientationLandscapeLeft UIInterfaceOrientationLandscapeRight";
				INFOPLIST_KEY_UISupportedInterfaceOrientations_iPhone = "UIInterfaceOrientationPortrait UIInterfaceOrientationLandscapeLeft UIInterfaceOrientationLandscapeRight";
				LD_RUNPATH_SEARCH_PATHS = (
					"$(inherited)",
					"@executable_path/Frameworks",
				);
				MARKETING_VERSION = 1.0;
				PRODUCT_BUNDLE_IDENTIFIER = com.otoufujohnny.SampleUICollectionViewDiffableDataSource;
				PRODUCT_NAME = "$(TARGET_NAME)";
				SWIFT_EMIT_LOC_STRINGS = YES;
				SWIFT_VERSION = 5.0;
				TARGETED_DEVICE_FAMILY = "1,2";
			};
			name = Release;
		};
/* End XCBuildConfiguration section */

/* Begin XCConfigurationList section */
		1C79CDC12988C57300B85AF9 /* Build configuration list for PBXProject "SampleUICollectionViewDiffableDataSource" */ = {
			isa = XCConfigurationList;
			buildConfigurations = (
				1C79CDD82988C57600B85AF9 /* Debug */,
				1C79CDD92988C57600B85AF9 /* Release */,
			);
			defaultConfigurationIsVisible = 0;
			defaultConfigurationName = Release;
		};
		1C79CDDA2988C57600B85AF9 /* Build configuration list for PBXNativeTarget "SampleUICollectionViewDiffableDataSource" */ = {
			isa = XCConfigurationList;
			buildConfigurations = (
				1C79CDDB2988C57600B85AF9 /* Debug */,
				1C79CDDC2988C57600B85AF9 /* Release */,
			);
			defaultConfigurationIsVisible = 0;
			defaultConfigurationName = Release;
		};
/* End XCConfigurationList section */
	};
	rootObject = 1C79CDBE2988C57300B85AF9 /* Project object */;
}
