PODS:
  - Kingfisher (7.6.2)
  - SwiftLint (0.51.0)

DEPENDENCIES:
  - Kingfisher (~> 7.6)
  - SwiftLint

SPEC REPOS:
  trunk:
    - Kingfisher
    - SwiftLint

SPEC CHECKSUMS:
  Kingfisher: 6c5449c6450c5239166510ba04afe374a98afc4f
  SwiftLint: 1b7561918a19e23bfed960e40759086e70f4dba5

PODFILE CHECKSUM: 336c8a1a7f0b32931f6bc5e5be81271f3b436322

COCOAPODS: 1.11.3
